// !$*UTF8*$!
{
	archiveVersion = 1;
	classes = {
	};
	objectVersion = 55;
	objects = {

/* Begin PBXBuildFile section */
		03707ED026FC925300313BB9 /* Tests_iOS.swift in Sources */ = {isa = PBXBuildFile; fileRef = 03707ECF26FC925300313BB9 /* Tests_iOS.swift */; };
		03707ED226FC925300313BB9 /* Tests_iOSLaunchTests.swift in Sources */ = {isa = PBXBuildFile; fileRef = 03707ED126FC925300313BB9 /* Tests_iOSLaunchTests.swift */; };
		03707EDC26FC925300313BB9 /* Tests_macOS.swift in Sources */ = {isa = PBXBuildFile; fileRef = 03707EDB26FC925300313BB9 /* Tests_macOS.swift */; };
		03707EDE26FC925300313BB9 /* Tests_macOSLaunchTests.swift in Sources */ = {isa = PBXBuildFile; fileRef = 03707EDD26FC925300313BB9 /* Tests_macOSLaunchTests.swift */; };
		03707EDF26FC925300313BB9 /* PlayTime.xcdatamodeld in Sources */ = {isa = PBXBuildFile; fileRef = 03707EB426FC925200313BB9 /* PlayTime.xcdatamodeld */; };
		03707EE026FC925300313BB9 /* PlayTime.xcdatamodeld in Sources */ = {isa = PBXBuildFile; fileRef = 03707EB426FC925200313BB9 /* PlayTime.xcdatamodeld */; };
		03707EE126FC925300313BB9 /* PlayTimeApp.swift in Sources */ = {isa = PBXBuildFile; fileRef = 03707EB626FC925200313BB9 /* PlayTimeApp.swift */; };
		03707EE226FC925300313BB9 /* PlayTimeApp.swift in Sources */ = {isa = PBXBuildFile; fileRef = 03707EB626FC925200313BB9 /* PlayTimeApp.swift */; };
		03707EE326FC925300313BB9 /* ContentView.swift in Sources */ = {isa = PBXBuildFile; fileRef = 03707EB726FC925200313BB9 /* ContentView.swift */; };
		03707EE426FC925300313BB9 /* ContentView.swift in Sources */ = {isa = PBXBuildFile; fileRef = 03707EB726FC925200313BB9 /* ContentView.swift */; };
		03707EE526FC925300313BB9 /* Persistence.swift in Sources */ = {isa = PBXBuildFile; fileRef = 03707EB826FC925200313BB9 /* Persistence.swift */; };
		03707EE626FC925300313BB9 /* Persistence.swift in Sources */ = {isa = PBXBuildFile; fileRef = 03707EB826FC925200313BB9 /* Persistence.swift */; };
		03707EE726FC925300313BB9 /* Assets.xcassets in Resources */ = {isa = PBXBuildFile; fileRef = 03707EB926FC925300313BB9 /* Assets.xcassets */; };
		03707EE826FC925300313BB9 /* Assets.xcassets in Resources */ = {isa = PBXBuildFile; fileRef = 03707EB926FC925300313BB9 /* Assets.xcassets */; };
/* End PBXBuildFile section */

/* Begin PBXContainerItemProxy section */
		03707ECC26FC925300313BB9 /* PBXContainerItemProxy */ = {
			isa = PBXContainerItemProxy;
			containerPortal = 03707EAF26FC925200313BB9 /* Project object */;
			proxyType = 1;
			remoteGlobalIDString = 03707EBD26FC925300313BB9;
			remoteInfo = "PlayTime (iOS)";
		};
		03707ED826FC925300313BB9 /* PBXContainerItemProxy */ = {
			isa = PBXContainerItemProxy;
			containerPortal = 03707EAF26FC925200313BB9 /* Project object */;
			proxyType = 1;
			remoteGlobalIDString = 03707EC326FC925300313BB9;
			remoteInfo = "PlayTime (macOS)";
		};
/* End PBXContainerItemProxy section */

/* Begin PBXFileReference section */
		03707EB526FC925200313BB9 /* Shared.xcdatamodel */ = {isa = PBXFileReference; lastKnownFileType = wrapper.xcdatamodel; path = Shared.xcdatamodel; sourceTree = "<group>"; };
		03707EB626FC925200313BB9 /* PlayTimeApp.swift */ = {isa = PBXFileReference; lastKnownFileType = sourcecode.swift; path = PlayTimeApp.swift; sourceTree = "<group>"; };
		03707EB726FC925200313BB9 /* ContentView.swift */ = {isa = PBXFileReference; lastKnownFileType = sourcecode.swift; path = ContentView.swift; sourceTree = "<group>"; };
		03707EB826FC925200313BB9 /* Persistence.swift */ = {isa = PBXFileReference; lastKnownFileType = sourcecode.swift; path = Persistence.swift; sourceTree = "<group>"; };
		03707EB926FC925300313BB9 /* Assets.xcassets */ = {isa = PBXFileReference; lastKnownFileType = folder.assetcatalog; path = Assets.xcassets; sourceTree = "<group>"; };
		03707EBE26FC925300313BB9 /* PlayTime.app */ = {isa = PBXFileReference; explicitFileType = wrapper.application; includeInIndex = 0; path = PlayTime.app; sourceTree = BUILT_PRODUCTS_DIR; };
		03707EC426FC925300313BB9 /* PlayTime.app */ = {isa = PBXFileReference; explicitFileType = wrapper.application; includeInIndex = 0; path = PlayTime.app; sourceTree = BUILT_PRODUCTS_DIR; };
		03707EC626FC925300313BB9 /* macOS.entitlements */ = {isa = PBXFileReference; lastKnownFileType = text.plist.entitlements; path = macOS.entitlements; sourceTree = "<group>"; };
		03707ECB26FC925300313BB9 /* Tests iOS.xctest */ = {isa = PBXFileReference; explicitFileType = wrapper.cfbundle; includeInIndex = 0; path = "Tests iOS.xctest"; sourceTree = BUILT_PRODUCTS_DIR; };
		03707ECF26FC925300313BB9 /* Tests_iOS.swift */ = {isa = PBXFileReference; lastKnownFileType = sourcecode.swift; path = Tests_iOS.swift; sourceTree = "<group>"; };
		03707ED126FC925300313BB9 /* Tests_iOSLaunchTests.swift */ = {isa = PBXFileReference; lastKnownFileType = sourcecode.swift; path = Tests_iOSLaunchTests.swift; sourceTree = "<group>"; };
		03707ED726FC925300313BB9 /* Tests macOS.xctest */ = {isa = PBXFileReference; explicitFileType = wrapper.cfbundle; includeInIndex = 0; path = "Tests macOS.xctest"; sourceTree = BUILT_PRODUCTS_DIR; };
		03707EDB26FC925300313BB9 /* Tests_macOS.swift */ = {isa = PBXFileReference; lastKnownFileType = sourcecode.swift; path = Tests_macOS.swift; sourceTree = "<group>"; };
		03707EDD26FC925300313BB9 /* Tests_macOSLaunchTests.swift */ = {isa = PBXFileReference; lastKnownFileType = sourcecode.swift; path = Tests_macOSLaunchTests.swift; sourceTree = "<group>"; };
/* End PBXFileReference section */

/* Begin PBXFrameworksBuildPhase section */
		03707EBB26FC925300313BB9 /* Frameworks */ = {
			isa = PBXFrameworksBuildPhase;
			buildActionMask = 2147483647;
			files = (
			);
			runOnlyForDeploymentPostprocessing = 0;
		};
		03707EC126FC925300313BB9 /* Frameworks */ = {
			isa = PBXFrameworksBuildPhase;
			buildActionMask = 2147483647;
			files = (
			);
			runOnlyForDeploymentPostprocessing = 0;
		};
		03707EC826FC925300313BB9 /* Frameworks */ = {
			isa = PBXFrameworksBuildPhase;
			buildActionMask = 2147483647;
			files = (
			);
			runOnlyForDeploymentPostprocessing = 0;
		};
		03707ED426FC925300313BB9 /* Frameworks */ = {
			isa = PBXFrameworksBuildPhase;
			buildActionMask = 2147483647;
			files = (
			);
			runOnlyForDeploymentPostprocessing = 0;
		};
/* End PBXFrameworksBuildPhase section */

/* Begin PBXGroup section */
		03707EAE26FC925200313BB9 = {
			isa = PBXGroup;
			children = (
				03707EB326FC925200313BB9 /* Shared */,
				03707EC526FC925300313BB9 /* macOS */,
				03707ECE26FC925300313BB9 /* Tests iOS */,
				03707EDA26FC925300313BB9 /* Tests macOS */,
				03707EBF26FC925300313BB9 /* Products */,
			);
			sourceTree = "<group>";
		};
		03707EB326FC925200313BB9 /* Shared */ = {
			isa = PBXGroup;
			children = (
				03707EB626FC925200313BB9 /* PlayTimeApp.swift */,
				03707EB726FC925200313BB9 /* ContentView.swift */,
				03707EB826FC925200313BB9 /* Persistence.swift */,
				03707EB926FC925300313BB9 /* Assets.xcassets */,
				03707EB426FC925200313BB9 /* PlayTime.xcdatamodeld */,
			);
			path = Shared;
			sourceTree = "<group>";
		};
		03707EBF26FC925300313BB9 /* Products */ = {
			isa = PBXGroup;
			children = (
				03707EBE26FC925300313BB9 /* PlayTime.app */,
				03707EC426FC925300313BB9 /* PlayTime.app */,
				03707ECB26FC925300313BB9 /* Tests iOS.xctest */,
				03707ED726FC925300313BB9 /* Tests macOS.xctest */,
			);
			name = Products;
			sourceTree = "<group>";
		};
		03707EC526FC925300313BB9 /* macOS */ = {
			isa = PBXGroup;
			children = (
				03707EC626FC925300313BB9 /* macOS.entitlements */,
			);
			path = macOS;
			sourceTree = "<group>";
		};
		03707ECE26FC925300313BB9 /* Tests iOS */ = {
			isa = PBXGroup;
			children = (
				03707ECF26FC925300313BB9 /* Tests_iOS.swift */,
				03707ED126FC925300313BB9 /* Tests_iOSLaunchTests.swift */,
			);
			path = "Tests iOS";
			sourceTree = "<group>";
		};
		03707EDA26FC925300313BB9 /* Tests macOS */ = {
			isa = PBXGroup;
			children = (
				03707EDB26FC925300313BB9 /* Tests_macOS.swift */,
				03707EDD26FC925300313BB9 /* Tests_macOSLaunchTests.swift */,
			);
			path = "Tests macOS";
			sourceTree = "<group>";
		};
/* End PBXGroup section */

/* Begin PBXNativeTarget section */
		03707EBD26FC925300313BB9 /* PlayTime (iOS) */ = {
			isa = PBXNativeTarget;
			buildConfigurationList = 03707EEB26FC925300313BB9 /* Build configuration list for PBXNativeTarget "PlayTime (iOS)" */;
			buildPhases = (
				03707EBA26FC925300313BB9 /* Sources */,
				03707EBB26FC925300313BB9 /* Frameworks */,
				03707EBC26FC925300313BB9 /* Resources */,
			);
			buildRules = (
			);
			dependencies = (
			);
			name = "PlayTime (iOS)";
			productName = "PlayTime (iOS)";
			productReference = 03707EBE26FC925300313BB9 /* PlayTime.app */;
			productType = "com.apple.product-type.application";
		};
		03707EC326FC925300313BB9 /* PlayTime (macOS) */ = {
			isa = PBXNativeTarget;
			buildConfigurationList = 03707EEE26FC925300313BB9 /* Build configuration list for PBXNativeTarget "PlayTime (macOS)" */;
			buildPhases = (
				03707EC026FC925300313BB9 /* Sources */,
				03707EC126FC925300313BB9 /* Frameworks */,
				03707EC226FC925300313BB9 /* Resources */,
			);
			buildRules = (
			);
			dependencies = (
			);
			name = "PlayTime (macOS)";
			productName = "PlayTime (macOS)";
			productReference = 03707EC426FC925300313BB9 /* PlayTime.app */;
			productType = "com.apple.product-type.application";
		};
		03707ECA26FC925300313BB9 /* Tests iOS */ = {
			isa = PBXNativeTarget;
			buildConfigurationList = 03707EF126FC925300313BB9 /* Build configuration list for PBXNativeTarget "Tests iOS" */;
			buildPhases = (
				03707EC726FC925300313BB9 /* Sources */,
				03707EC826FC925300313BB9 /* Frameworks */,
				03707EC926FC925300313BB9 /* Resources */,
			);
			buildRules = (
			);
			dependencies = (
				03707ECD26FC925300313BB9 /* PBXTargetDependency */,
			);
			name = "Tests iOS";
			productName = "Tests iOS";
			productReference = 03707ECB26FC925300313BB9 /* Tests iOS.xctest */;
			productType = "com.apple.product-type.bundle.ui-testing";
		};
		03707ED626FC925300313BB9 /* Tests macOS */ = {
			isa = PBXNativeTarget;
			buildConfigurationList = 03707EF426FC925300313BB9 /* Build configuration list for PBXNativeTarget "Tests macOS" */;
			buildPhases = (
				03707ED326FC925300313BB9 /* Sources */,
				03707ED426FC925300313BB9 /* Frameworks */,
				03707ED526FC925300313BB9 /* Resources */,
			);
			buildRules = (
			);
			dependencies = (
				03707ED926FC925300313BB9 /* PBXTargetDependency */,
			);
			name = "Tests macOS";
			productName = "Tests macOS";
			productReference = 03707ED726FC925300313BB9 /* Tests macOS.xctest */;
			productType = "com.apple.product-type.bundle.ui-testing";
		};
/* End PBXNativeTarget section */

/* Begin PBXProject section */
		03707EAF26FC925200313BB9 /* Project object */ = {
			isa = PBXProject;
			attributes = {
				BuildIndependentTargetsInParallel = 1;
				LastSwiftUpdateCheck = 1300;
				LastUpgradeCheck = 1300;
				TargetAttributes = {
					03707EBD26FC925300313BB9 = {
						CreatedOnToolsVersion = 13.0;
					};
					03707EC326FC925300313BB9 = {
						CreatedOnToolsVersion = 13.0;
					};
					03707ECA26FC925300313BB9 = {
						CreatedOnToolsVersion = 13.0;
						TestTargetID = 03707EBD26FC925300313BB9;
					};
					03707ED626FC925300313BB9 = {
						CreatedOnToolsVersion = 13.0;
						TestTargetID = 03707EC326FC925300313BB9;
					};
				};
			};
			buildConfigurationList = 03707EB226FC925200313BB9 /* Build configuration list for PBXProject "PlayTime" */;
			compatibilityVersion = "Xcode 13.0";
			developmentRegion = en;
			hasScannedForEncodings = 0;
			knownRegions = (
				en,
				Base,
			);
			mainGroup = 03707EAE26FC925200313BB9;
			productRefGroup = 03707EBF26FC925300313BB9 /* Products */;
			projectDirPath = "";
			projectRoot = "";
			targets = (
				03707EBD26FC925300313BB9 /* PlayTime (iOS) */,
				03707EC326FC925300313BB9 /* PlayTime (macOS) */,
				03707ECA26FC925300313BB9 /* Tests iOS */,
				03707ED626FC925300313BB9 /* Tests macOS */,
			);
		};
/* End PBXProject section */

/* Begin PBXResourcesBuildPhase section */
		03707EBC26FC925300313BB9 /* Resources */ = {
			isa = PBXResourcesBuildPhase;
			buildActionMask = 2147483647;
			files = (
				03707EE726FC925300313BB9 /* Assets.xcassets in Resources */,
			);
			runOnlyForDeploymentPostprocessing = 0;
		};
		03707EC226FC925300313BB9 /* Resources */ = {
			isa = PBXResourcesBuildPhase;
			buildActionMask = 2147483647;
			files = (
				03707EE826FC925300313BB9 /* Assets.xcassets in Resources */,
			);
			runOnlyForDeploymentPostprocessing = 0;
		};
		03707EC926FC925300313BB9 /* Resources */ = {
			isa = PBXResourcesBuildPhase;
			buildActionMask = 2147483647;
			files = (
			);
			runOnlyForDeploymentPostprocessing = 0;
		};
		03707ED526FC925300313BB9 /* Resources */ = {
			isa = PBXResourcesBuildPhase;
			buildActionMask = 2147483647;
			files = (
			);
			runOnlyForDeploymentPostprocessing = 0;
		};
/* End PBXResourcesBuildPhase section */

/* Begin PBXSourcesBuildPhase section */
		03707EBA26FC925300313BB9 /* Sources */ = {
			isa = PBXSourcesBuildPhase;
			buildActionMask = 2147483647;
			files = (
				03707EE126FC925300313BB9 /* PlayTimeApp.swift in Sources */,
				03707EE526FC925300313BB9 /* Persistence.swift in Sources */,
				03707EDF26FC925300313BB9 /* PlayTime.xcdatamodeld in Sources */,
				03707EE326FC925300313BB9 /* ContentView.swift in Sources */,
			);
			runOnlyForDeploymentPostprocessing = 0;
		};
		03707EC026FC925300313BB9 /* Sources */ = {
			isa = PBXSourcesBuildPhase;
			buildActionMask = 2147483647;
			files = (
				03707EE226FC925300313BB9 /* PlayTimeApp.swift in Sources */,
				03707EE626FC925300313BB9 /* Persistence.swift in Sources */,
				03707EE026FC925300313BB9 /* PlayTime.xcdatamodeld in Sources */,
				03707EE426FC925300313BB9 /* ContentView.swift in Sources */,
			);
			runOnlyForDeploymentPostprocessing = 0;
		};
		03707EC726FC925300313BB9 /* Sources */ = {
			isa = PBXSourcesBuildPhase;
			buildActionMask = 2147483647;
			files = (
				03707ED226FC925300313BB9 /* Tests_iOSLaunchTests.swift in Sources */,
				03707ED026FC925300313BB9 /* Tests_iOS.swift in Sources */,
			);
			runOnlyForDeploymentPostprocessing = 0;
		};
		03707ED326FC925300313BB9 /* Sources */ = {
			isa = PBXSourcesBuildPhase;
			buildActionMask = 2147483647;
			files = (
				03707EDE26FC925300313BB9 /* Tests_macOSLaunchTests.swift in Sources */,
				03707EDC26FC925300313BB9 /* Tests_macOS.swift in Sources */,
			);
			runOnlyForDeploymentPostprocessing = 0;
		};
/* End PBXSourcesBuildPhase section */

/* Begin PBXTargetDependency section */
		03707ECD26FC925300313BB9 /* PBXTargetDependency */ = {
			isa = PBXTargetDependency;
			target = 03707EBD26FC925300313BB9 /* PlayTime (iOS) */;
			targetProxy = 03707ECC26FC925300313BB9 /* PBXContainerItemProxy */;
		};
		03707ED926FC925300313BB9 /* PBXTargetDependency */ = {
			isa = PBXTargetDependency;
			target = 03707EC326FC925300313BB9 /* PlayTime (macOS) */;
			targetProxy = 03707ED826FC925300313BB9 /* PBXContainerItemProxy */;
		};
/* End PBXTargetDependency section */

/* Begin XCBuildConfiguration section */
		03707EE926FC925300313BB9 /* Debug */ = {
			isa = XCBuildConfiguration;
			buildSettings = {
				ALWAYS_SEARCH_USER_PATHS = NO;
				CLANG_ANALYZER_NONNULL = YES;
				CLANG_ANALYZER_NUMBER_OBJECT_CONVERSION = YES_AGGRESSIVE;
				CLANG_CXX_LANGUAGE_STANDARD = "gnu++17";
				CLANG_CXX_LIBRARY = "libc++";
				CLANG_ENABLE_MODULES = YES;
				CLANG_ENABLE_OBJC_ARC = YES;
				CLANG_ENABLE_OBJC_WEAK = YES;
				CLANG_WARN_BLOCK_CAPTURE_AUTORELEASING = YES;
				CLANG_WARN_BOOL_CONVERSION = YES;
				CLANG_WARN_COMMA = YES;
				CLANG_WARN_CONSTANT_CONVERSION = YES;
				CLANG_WARN_DEPRECATED_OBJC_IMPLEMENTATIONS = YES;
				CLANG_WARN_DIRECT_OBJC_ISA_USAGE = YES_ERROR;
				CLANG_WARN_DOCUMENTATION_COMMENTS = YES;
				CLANG_WARN_EMPTY_BODY = YES;
				CLANG_WARN_ENUM_CONVERSION = YES;
				CLANG_WARN_INFINITE_RECURSION = YES;
				CLANG_WARN_INT_CONVERSION = YES;
				CLANG_WARN_NON_LITERAL_NULL_CONVERSION = YES;
				CLANG_WARN_OBJC_IMPLICIT_RETAIN_SELF = YES;
				CLANG_WARN_OBJC_LITERAL_CONVERSION = YES;
				CLANG_WARN_OBJC_ROOT_CLASS = YES_ERROR;
				CLANG_WARN_QUOTED_INCLUDE_IN_FRAMEWORK_HEADER = YES;
				CLANG_WARN_RANGE_LOOP_ANALYSIS = YES;
				CLANG_WARN_STRICT_PROTOTYPES = YES;
				CLANG_WARN_SUSPICIOUS_MOVE = YES;
				CLANG_WARN_UNGUARDED_AVAILABILITY = YES_AGGRESSIVE;
				CLANG_WARN_UNREACHABLE_CODE = YES;
				CLANG_WARN__DUPLICATE_METHOD_MATCH = YES;
				COPY_PHASE_STRIP = NO;
				DEBUG_INFORMATION_FORMAT = dwarf;
				ENABLE_STRICT_OBJC_MSGSEND = YES;
				ENABLE_TESTABILITY = YES;
				GCC_C_LANGUAGE_STANDARD = gnu11;
				GCC_DYNAMIC_NO_PIC = NO;
				GCC_NO_COMMON_BLOCKS = YES;
				GCC_OPTIMIZATION_LEVEL = 0;
				GCC_PREPROCESSOR_DEFINITIONS = (
					"DEBUG=1",
					"$(inherited)",
				);
				GCC_WARN_64_TO_32_BIT_CONVERSION = YES;
				GCC_WARN_ABOUT_RETURN_TYPE = YES_ERROR;
				GCC_WARN_UNDECLARED_SELECTOR = YES;
				GCC_WARN_UNINITIALIZED_AUTOS = YES_AGGRESSIVE;
				GCC_WARN_UNUSED_FUNCTION = YES;
				GCC_WARN_UNUSED_VARIABLE = YES;
				MTL_ENABLE_DEBUG_INFO = INCLUDE_SOURCE;
				MTL_FAST_MATH = YES;
				ONLY_ACTIVE_ARCH = YES;
				SWIFT_ACTIVE_COMPILATION_CONDITIONS = DEBUG;
				SWIFT_OPTIMIZATION_LEVEL = "-Onone";
			};
			name = Debug;
		};
		03707EEA26FC925300313BB9 /* Release */ = {
			isa = XCBuildConfiguration;
			buildSettings = {
				ALWAYS_SEARCH_USER_PATHS = NO;
				CLANG_ANALYZER_NONNULL = YES;
				CLANG_ANALYZER_NUMBER_OBJECT_CONVERSION = YES_AGGRESSIVE;
				CLANG_CXX_LANGUAGE_STANDARD = "gnu++17";
				CLANG_CXX_LIBRARY = "libc++";
				CLANG_ENABLE_MODULES = YES;
				CLANG_ENABLE_OBJC_ARC = YES;
				CLANG_ENABLE_OBJC_WEAK = YES;
				CLANG_WARN_BLOCK_CAPTURE_AUTORELEASING = YES;
				CLANG_WARN_BOOL_CONVERSION = YES;
				CLANG_WARN_COMMA = YES;
				CLANG_WARN_CONSTANT_CONVERSION = YES;
				CLANG_WARN_DEPRECATED_OBJC_IMPLEMENTATIONS = YES;
				CLANG_WARN_DIRECT_OBJC_ISA_USAGE = YES_ERROR;
				CLANG_WARN_DOCUMENTATION_COMMENTS = YES;
				CLANG_WARN_EMPTY_BODY = YES;
				CLANG_WARN_ENUM_CONVERSION = YES;
				CLANG_WARN_INFINITE_RECURSION = YES;
				CLANG_WARN_INT_CONVERSION = YES;
				CLANG_WARN_NON_LITERAL_NULL_CONVERSION = YES;
				CLANG_WARN_OBJC_IMPLICIT_RETAIN_SELF = YES;
				CLANG_WARN_OBJC_LITERAL_CONVERSION = YES;
				CLANG_WARN_OBJC_ROOT_CLASS = YES_ERROR;
				CLANG_WARN_QUOTED_INCLUDE_IN_FRAMEWORK_HEADER = YES;
				CLANG_WARN_RANGE_LOOP_ANALYSIS = YES;
				CLANG_WARN_STRICT_PROTOTYPES = YES;
				CLANG_WARN_SUSPICIOUS_MOVE = YES;
				CLANG_WARN_UNGUARDED_AVAILABILITY = YES_AGGRESSIVE;
				CLANG_WARN_UNREACHABLE_CODE = YES;
				CLANG_WARN__DUPLICATE_METHOD_MATCH = YES;
				COPY_PHASE_STRIP = NO;
				DEBUG_INFORMATION_FORMAT = "dwarf-with-dsym";
				ENABLE_NS_ASSERTIONS = NO;
				ENABLE_STRICT_OBJC_MSGSEND = YES;
				GCC_C_LANGUAGE_STANDARD = gnu11;
				GCC_NO_COMMON_BLOCKS = YES;
				GCC_WARN_64_TO_32_BIT_CONVERSION = YES;
				GCC_WARN_ABOUT_RETURN_TYPE = YES_ERROR;
				GCC_WARN_UNDECLARED_SELECTOR = YES;
				GCC_WARN_UNINITIALIZED_AUTOS = YES_AGGRESSIVE;
				GCC_WARN_UNUSED_FUNCTION = YES;
				GCC_WARN_UNUSED_VARIABLE = YES;
				MTL_ENABLE_DEBUG_INFO = NO;
				MTL_FAST_MATH = YES;
				SWIFT_COMPILATION_MODE = wholemodule;
				SWIFT_OPTIMIZATION_LEVEL = "-O";
			};
			name = Release;
		};
		03707EEC26FC925300313BB9 /* Debug */ = {
			isa = XCBuildConfiguration;
			buildSettings = {
				ASSETCATALOG_COMPILER_APPICON_NAME = AppIcon;
				ASSETCATALOG_COMPILER_GLOBAL_ACCENT_COLOR_NAME = AccentColor;
				CODE_SIGN_STYLE = Automatic;
				CURRENT_PROJECT_VERSION = 1;
				DEVELOPMENT_TEAM = JMB5F8DFXN;
				ENABLE_PREVIEWS = YES;
				GENERATE_INFOPLIST_FILE = YES;
				INFOPLIST_KEY_UIApplicationSceneManifest_Generation = YES;
				INFOPLIST_KEY_UIApplicationSupportsIndirectInputEvents = YES;
				INFOPLIST_KEY_UILaunchScreen_Generation = YES;
				INFOPLIST_KEY_UISupportedInterfaceOrientations_iPad = "UIInterfaceOrientationPortrait UIInterfaceOrientationPortraitUpsideDown UIInterfaceOrientationLandscapeLeft UIInterfaceOrientationLandscapeRight";
				INFOPLIST_KEY_UISupportedInterfaceOrientations_iPhone = "UIInterfaceOrientationPortrait UIInterfaceOrientationLandscapeLeft UIInterfaceOrientationLandscapeRight";
				IPHONEOS_DEPLOYMENT_TARGET = 14.0;
				LD_RUNPATH_SEARCH_PATHS = (
					"$(inherited)",
					"@executable_path/Frameworks",
				);
				MARKETING_VERSION = 1.0;
				PRODUCT_BUNDLE_IDENTIFIER = dizsource.PlayTime;
				PRODUCT_NAME = PlayTime;
				SDKROOT = iphoneos;
				SWIFT_EMIT_LOC_STRINGS = YES;
				SWIFT_VERSION = 5.0;
				TARGETED_DEVICE_FAMILY = "1,2";
			};
			name = Debug;
		};
		03707EED26FC925300313BB9 /* Release */ = {
			isa = XCBuildConfiguration;
			buildSettings = {
				ASSETCATALOG_COMPILER_APPICON_NAME = AppIcon;
				ASSETCATALOG_COMPILER_GLOBAL_ACCENT_COLOR_NAME = AccentColor;
				CODE_SIGN_STYLE = Automatic;
				CURRENT_PROJECT_VERSION = 1;
				DEVELOPMENT_TEAM = JMB5F8DFXN;
				ENABLE_PREVIEWS = YES;
				GENERATE_INFOPLIST_FILE = YES;
				INFOPLIST_KEY_UIApplicationSceneManifest_Generation = YES;
				INFOPLIST_KEY_UIApplicationSupportsIndirectInputEvents = YES;
				INFOPLIST_KEY_UILaunchScreen_Generation = YES;
				INFOPLIST_KEY_UISupportedInterfaceOrientations_iPad = "UIInterfaceOrientationPortrait UIInterfaceOrientationPortraitUpsideDown UIInterfaceOrientationLandscapeLeft UIInterfaceOrientationLandscapeRight";
				INFOPLIST_KEY_UISupportedInterfaceOrientations_iPhone = "UIInterfaceOrientationPortrait UIInterfaceOrientationLandscapeLeft UIInterfaceOrientationLandscapeRight";
				IPHONEOS_DEPLOYMENT_TARGET = 14.0;
				LD_RUNPATH_SEARCH_PATHS = (
					"$(inherited)",
					"@executable_path/Frameworks",
				);
				MARKETING_VERSION = 1.0;
				PRODUCT_BUNDLE_IDENTIFIER = dizsource.PlayTime;
				PRODUCT_NAME = PlayTime;
				SDKROOT = iphoneos;
				SWIFT_EMIT_LOC_STRINGS = YES;
				SWIFT_VERSION = 5.0;
				TARGETED_DEVICE_FAMILY = "1,2";
				VALIDATE_PRODUCT = YES;
			};
			name = Release;
		};
		03707EEF26FC925300313BB9 /* Debug */ = {
			isa = XCBuildConfiguration;
			buildSettings = {
				ASSETCATALOG_COMPILER_APPICON_NAME = AppIcon;
				ASSETCATALOG_COMPILER_GLOBAL_ACCENT_COLOR_NAME = AccentColor;
				CODE_SIGN_ENTITLEMENTS = macOS/macOS.entitlements;
				CODE_SIGN_STYLE = Automatic;
				COMBINE_HIDPI_IMAGES = YES;
				CURRENT_PROJECT_VERSION = 1;
				DEVELOPMENT_TEAM = JMB5F8DFXN;
				ENABLE_HARDENED_RUNTIME = YES;
				ENABLE_PREVIEWS = YES;
				GENERATE_INFOPLIST_FILE = YES;
				INFOPLIST_KEY_NSHumanReadableCopyright = "";
				LD_RUNPATH_SEARCH_PATHS = (
					"$(inherited)",
					"@executable_path/../Frameworks",
				);
				MACOSX_DEPLOYMENT_TARGET = 11.0;
				MARKETING_VERSION = 1.0;
				PRODUCT_BUNDLE_IDENTIFIER = dizsource.PlayTime;
				PRODUCT_NAME = PlayTime;
				SDKROOT = macosx;
				SWIFT_EMIT_LOC_STRINGS = YES;
				SWIFT_VERSION = 5.0;
			};
			name = Debug;
		};
		03707EF026FC925300313BB9 /* Release */ = {
			isa = XCBuildConfiguration;
			buildSettings = {
				ASSETCATALOG_COMPILER_APPICON_NAME = AppIcon;
				ASSETCATALOG_COMPILER_GLOBAL_ACCENT_COLOR_NAME = AccentColor;
				CODE_SIGN_ENTITLEMENTS = macOS/macOS.entitlements;
				CODE_SIGN_STYLE = Automatic;
				COMBINE_HIDPI_IMAGES = YES;
				CURRENT_PROJECT_VERSION = 1;
				DEVELOPMENT_TEAM = JMB5F8DFXN;
				ENABLE_HARDENED_RUNTIME = YES;
				ENABLE_PREVIEWS = YES;
				GENERATE_INFOPLIST_FILE = YES;
				INFOPLIST_KEY_NSHumanReadableCopyright = "";
				LD_RUNPATH_SEARCH_PATHS = (
					"$(inherited)",
					"@executable_path/../Frameworks",
				);
				MACOSX_DEPLOYMENT_TARGET = 11.0;
				MARKETING_VERSION = 1.0;
				PRODUCT_BUNDLE_IDENTIFIER = dizsource.PlayTime;
				PRODUCT_NAME = PlayTime;
				SDKROOT = macosx;
				SWIFT_EMIT_LOC_STRINGS = YES;
				SWIFT_VERSION = 5.0;
			};
			name = Release;
		};
		03707EF226FC925300313BB9 /* Debug */ = {
			isa = XCBuildConfiguration;
			buildSettings = {
				ALWAYS_EMBED_SWIFT_STANDARD_LIBRARIES = YES;
				CODE_SIGN_STYLE = Automatic;
				CURRENT_PROJECT_VERSION = 1;
				DEVELOPMENT_TEAM = JMB5F8DFXN;
				GENERATE_INFOPLIST_FILE = YES;
				IPHONEOS_DEPLOYMENT_TARGET = 15.0;
				LD_RUNPATH_SEARCH_PATHS = (
					"$(inherited)",
					"@executable_path/Frameworks",
					"@loader_path/Frameworks",
				);
				MARKETING_VERSION = 1.0;
				PRODUCT_BUNDLE_IDENTIFIER = "dizsource.Tests-iOS";
				PRODUCT_NAME = "$(TARGET_NAME)";
				SDKROOT = iphoneos;
				SWIFT_EMIT_LOC_STRINGS = NO;
				SWIFT_VERSION = 5.0;
				TARGETED_DEVICE_FAMILY = "1,2";
				TEST_TARGET_NAME = "PlayTime (iOS)";
			};
			name = Debug;
		};
		03707EF326FC925300313BB9 /* Release */ = {
			isa = XCBuildConfiguration;
			buildSettings = {
				ALWAYS_EMBED_SWIFT_STANDARD_LIBRARIES = YES;
				CODE_SIGN_STYLE = Automatic;
				CURRENT_PROJECT_VERSION = 1;
				DEVELOPMENT_TEAM = JMB5F8DFXN;
				GENERATE_INFOPLIST_FILE = YES;
				IPHONEOS_DEPLOYMENT_TARGET = 15.0;
				LD_RUNPATH_SEARCH_PATHS = (
					"$(inherited)",
					"@executable_path/Frameworks",
					"@loader_path/Frameworks",
				);
				MARKETING_VERSION = 1.0;
				PRODUCT_BUNDLE_IDENTIFIER = "dizsource.Tests-iOS";
				PRODUCT_NAME = "$(TARGET_NAME)";
				SDKROOT = iphoneos;
				SWIFT_EMIT_LOC_STRINGS = NO;
				SWIFT_VERSION = 5.0;
				TARGETED_DEVICE_FAMILY = "1,2";
				TEST_TARGET_NAME = "PlayTime (iOS)";
				VALIDATE_PRODUCT = YES;
			};
			name = Release;
		};
		03707EF526FC925300313BB9 /* Debug */ = {
			isa = XCBuildConfiguration;
			buildSettings = {
				ALWAYS_EMBED_SWIFT_STANDARD_LIBRARIES = YES;
				CODE_SIGN_STYLE = Automatic;
				COMBINE_HIDPI_IMAGES = YES;
				CURRENT_PROJECT_VERSION = 1;
				DEVELOPMENT_TEAM = JMB5F8DFXN;
				GENERATE_INFOPLIST_FILE = YES;
				LD_RUNPATH_SEARCH_PATHS = (
					"$(inherited)",
					"@executable_path/../Frameworks",
					"@loader_path/../Frameworks",
				);
				MACOSX_DEPLOYMENT_TARGET = 11.3;
				MARKETING_VERSION = 1.0;
				PRODUCT_BUNDLE_IDENTIFIER = "dizsource.Tests-macOS";
				PRODUCT_NAME = "$(TARGET_NAME)";
				SDKROOT = macosx;
				SWIFT_EMIT_LOC_STRINGS = NO;
				SWIFT_VERSION = 5.0;
				TEST_TARGET_NAME = "PlayTime (macOS)";
			};
			name = Debug;
		};
		03707EF626FC925300313BB9 /* Release */ = {
			isa = XCBuildConfiguration;
			buildSettings = {
				ALWAYS_EMBED_SWIFT_STANDARD_LIBRARIES = YES;
				CODE_SIGN_STYLE = Automatic;
				COMBINE_HIDPI_IMAGES = YES;
				CURRENT_PROJECT_VERSION = 1;
				DEVELOPMENT_TEAM = JMB5F8DFXN;
				GENERATE_INFOPLIST_FILE = YES;
				LD_RUNPATH_SEARCH_PATHS = (
					"$(inherited)",
					"@executable_path/../Frameworks",
					"@loader_path/../Frameworks",
				);
				MACOSX_DEPLOYMENT_TARGET = 11.3;
				MARKETING_VERSION = 1.0;
				PRODUCT_BUNDLE_IDENTIFIER = "dizsource.Tests-macOS";
				PRODUCT_NAME = "$(TARGET_NAME)";
				SDKROOT = macosx;
				SWIFT_EMIT_LOC_STRINGS = NO;
				SWIFT_VERSION = 5.0;
				TEST_TARGET_NAME = "PlayTime (macOS)";
			};
			name = Release;
		};
/* End XCBuildConfiguration section */

/* Begin XCConfigurationList section */
		03707EB226FC925200313BB9 /* Build configuration list for PBXProject "PlayTime" */ = {
			isa = XCConfigurationList;
			buildConfigurations = (
				03707EE926FC925300313BB9 /* Debug */,
				03707EEA26FC925300313BB9 /* Release */,
			);
			defaultConfigurationIsVisible = 0;
			defaultConfigurationName = Release;
		};
		03707EEB26FC925300313BB9 /* Build configuration list for PBXNativeTarget "PlayTime (iOS)" */ = {
			isa = XCConfigurationList;
			buildConfigurations = (
				03707EEC26FC925300313BB9 /* Debug */,
				03707EED26FC925300313BB9 /* Release */,
			);
			defaultConfigurationIsVisible = 0;
			defaultConfigurationName = Release;
		};
		03707EEE26FC925300313BB9 /* Build configuration list for PBXNativeTarget "PlayTime (macOS)" */ = {
			isa = XCConfigurationList;
			buildConfigurations = (
				03707EEF26FC925300313BB9 /* Debug */,
				03707EF026FC925300313BB9 /* Release */,
			);
			defaultConfigurationIsVisible = 0;
			defaultConfigurationName = Release;
		};
		03707EF126FC925300313BB9 /* Build configuration list for PBXNativeTarget "Tests iOS" */ = {
			isa = XCConfigurationList;
			buildConfigurations = (
				03707EF226FC925300313BB9 /* Debug */,
				03707EF326FC925300313BB9 /* Release */,
			);
			defaultConfigurationIsVisible = 0;
			defaultConfigurationName = Release;
		};
		03707EF426FC925300313BB9 /* Build configuration list for PBXNativeTarget "Tests macOS" */ = {
			isa = XCConfigurationList;
			buildConfigurations = (
				03707EF526FC925300313BB9 /* Debug */,
				03707EF626FC925300313BB9 /* Release */,
			);
			defaultConfigurationIsVisible = 0;
			defaultConfigurationName = Release;
		};
/* End XCConfigurationList section */

/* Begin XCVersionGroup section */
		03707EB426FC925200313BB9 /* PlayTime.xcdatamodeld */ = {
			isa = XCVersionGroup;
			children = (
				03707EB526FC925200313BB9 /* Shared.xcdatamodel */,
			);
			currentVersion = 03707EB526FC925200313BB9 /* Shared.xcdatamodel */;
			path = PlayTime.xcdatamodeld;
			sourceTree = "<group>";
			versionGroupType = wrapper.xcdatamodel;
		};
/* End XCVersionGroup section */
	};
	rootObject = 03707EAF26FC925200313BB9 /* Project object */;
}
